
Microsoft Visual Studio Solution File, Format Version 12.00
# Visual Studio Express 2012 for Windows Desktop
Project("{FAE04EC0-301F-11D3-BF4B-00C04F79EFBC}") = "SerialTerminal", "SerialTerminal\SerialTerminal.csproj", "{23494E27-5758-492E-9971-CDDDFFA04B81}"
EndProject
Project("{FAE04EC0-301F-11D3-BF4B-00C04F79EFBC}") = "AdditionalControls", "AdditionalControls\AdditionalControls.csproj", "{31E7532B-BC08-451A-B0F8-8EB42436140E}"
EndProject
Global
	GlobalSection(SolutionConfigurationPlatforms) = preSolution
		Debug|Any CPU = Debug|Any CPU
		Release|Any CPU = Release|Any CPU
	EndGlobalSection
	GlobalSection(ProjectConfigurationPlatforms) = postSolution
		{23494E27-5758-492E-9971-CDDDFFA04B81}.Debug|Any CPU.ActiveCfg = Debug|Any CPU
		{23494E27-5758-492E-9971-CDDDFFA04B81}.Debug|Any CPU.Build.0 = Debug|Any CPU
		{23494E27-5758-492E-9971-CDDDFFA04B81}.Release|Any CPU.ActiveCfg = Release|Any CPU
		{23494E27-5758-492E-9971-CDDDFFA04B81}.Release|Any CPU.Build.0 = Release|Any CPU
		{31E7532B-BC08-451A-B0F8-8EB42436140E}.Debug|Any CPU.ActiveCfg = Debug|Any CPU
		{31E7532B-BC08-451A-B0F8-8EB42436140E}.Debug|Any CPU.Build.0 = Debug|Any CPU
		{31E7532B-BC08-451A-B0F8-8EB42436140E}.Release|Any CPU.ActiveCfg = Release|Any CPU
		{31E7532B-BC08-451A-B0F8-8EB42436140E}.Release|Any CPU.Build.0 = Release|Any CPU
	EndGlobalSection
	GlobalSection(SolutionProperties) = preSolution
		HideSolutionNode = FALSE
	EndGlobalSection
EndGlobal
